
Microsoft Visual Studio Solution File, Format Version 12.00
# Visual Studio 15
VisualStudioVersion = 15.0.26430.14
MinimumVisualStudioVersion = 10.0.40219.1
Project("{FAE04EC0-301F-11D3-BF4B-00C04F79EFBC}") = "IceboxAssets.Android", "IceboxAssets\IceboxAssets.Android\IceboxAssets.Android.csproj", "{2BAFA31F-666B-4BFC-8861-8ECC77B35AAF}"
EndProject
Project("{FAE04EC0-301F-11D3-BF4B-00C04F79EFBC}") = "IceboxAssets", "IceboxAssets\IceboxAssets\IceboxAssets.csproj", "{086DCFAE-CE74-410D-8B96-383C4D7B61D1}"
EndProject
Project("{FAE04EC0-301F-11D3-BF4B-00C04F79EFBC}") = "IceboxAssets.UWP", "IceboxAssets\IceboxAssets.UWP\IceboxAssets.UWP.csproj", "{EDD916E1-50FD-48A6-B6D0-C7AC72D93D0A}"
EndProject
Project("{FAE04EC0-301F-11D3-BF4B-00C04F79EFBC}") = "IceboxAssets.iOS", "IceboxAssets\IceboxAssets.iOS\IceboxAssets.iOS.csproj", "{E7FC0DCD-591A-4BB0-B1A4-9CD1FCF713C6}"
EndProject
Project("{FAE04EC0-301F-11D3-BF4B-00C04F79EFBC}") = "IceboxAssets.Model", "IceboxAssets.Model\IceboxAssets.Model.csproj", "{24DB044C-73DF-47B8-A71C-8162DC25A3DB}"
EndProject
Project("{FAE04EC0-301F-11D3-BF4B-00C04F79EFBC}") = "IceboxAssets.DataAccess", "IceboxAssets.DataAccess\IceboxAssets.DataAccess.csproj", "{8A6D9D91-2E2C-480A-B80D-3043D959638F}"
EndProject
Project("{FAE04EC0-301F-11D3-BF4B-00C04F79EFBC}") = "IceboxAssets.DependencyService", "IceboxAssets.DependencyService\IceboxAssets.DependencyService.csproj", "{AF141FB0-D07F-4005-B25D-1326963EFC78}"
EndProject
Project("{FAE04EC0-301F-11D3-BF4B-00C04F79EFBC}") = "IceboxAssets.ViewModel", "IceboxAssets.ViewModel\IceboxAssets.ViewModel.csproj", "{67F9D3A8-F71E-4428-913F-C37AE82CDB24}"
EndProject
Project("{FAE04EC0-301F-11D3-BF4B-00C04F79EFBC}") = "IceboxAssets.Converters", "IceboxAssets.Converters\IceboxAssets.Converters.csproj", "{734FD5C1-98FB-49AB-839F-8D118A08DBAF}"
EndProject
Global
	GlobalSection(SolutionConfigurationPlatforms) = preSolution
		Ad-Hoc|Any CPU = Ad-Hoc|Any CPU
		Ad-Hoc|ARM = Ad-Hoc|ARM
		Ad-Hoc|iPhone = Ad-Hoc|iPhone
		Ad-Hoc|iPhoneSimulator = Ad-Hoc|iPhoneSimulator
		Ad-Hoc|x64 = Ad-Hoc|x64
		Ad-Hoc|x86 = Ad-Hoc|x86
		AppStore|Any CPU = AppStore|Any CPU
		AppStore|ARM = AppStore|ARM
		AppStore|iPhone = AppStore|iPhone
		AppStore|iPhoneSimulator = AppStore|iPhoneSimulator
		AppStore|x64 = AppStore|x64
		AppStore|x86 = AppStore|x86
		Debug|Any CPU = Debug|Any CPU
		Debug|ARM = Debug|ARM
		Debug|iPhone = Debug|iPhone
		Debug|iPhoneSimulator = Debug|iPhoneSimulator
		Debug|x64 = Debug|x64
		Debug|x86 = Debug|x86
		Release|Any CPU = Release|Any CPU
		Release|ARM = Release|ARM
		Release|iPhone = Release|iPhone
		Release|iPhoneSimulator = Release|iPhoneSimulator
		Release|x64 = Release|x64
		Release|x86 = Release|x86
	EndGlobalSection
	GlobalSection(ProjectConfigurationPlatforms) = postSolution
		{2BAFA31F-666B-4BFC-8861-8ECC77B35AAF}.Ad-Hoc|Any CPU.ActiveCfg = Release|Any CPU
		{2BAFA31F-666B-4BFC-8861-8ECC77B35AAF}.Ad-Hoc|Any CPU.Build.0 = Release|Any CPU
		{2BAFA31F-666B-4BFC-8861-8ECC77B35AAF}.Ad-Hoc|Any CPU.Deploy.0 = Release|Any CPU
		{2BAFA31F-666B-4BFC-8861-8ECC77B35AAF}.Ad-Hoc|ARM.ActiveCfg = Release|Any CPU
		{2BAFA31F-666B-4BFC-8861-8ECC77B35AAF}.Ad-Hoc|ARM.Build.0 = Release|Any CPU
		{2BAFA31F-666B-4BFC-8861-8ECC77B35AAF}.Ad-Hoc|ARM.Deploy.0 = Release|Any CPU
		{2BAFA31F-666B-4BFC-8861-8ECC77B35AAF}.Ad-Hoc|iPhone.ActiveCfg = Release|Any CPU
		{2BAFA31F-666B-4BFC-8861-8ECC77B35AAF}.Ad-Hoc|iPhone.Build.0 = Release|Any CPU
		{2BAFA31F-666B-4BFC-8861-8ECC77B35AAF}.Ad-Hoc|iPhone.Deploy.0 = Release|Any CPU
		{2BAFA31F-666B-4BFC-8861-8ECC77B35AAF}.Ad-Hoc|iPhoneSimulator.ActiveCfg = Release|Any CPU
		{2BAFA31F-666B-4BFC-8861-8ECC77B35AAF}.Ad-Hoc|iPhoneSimulator.Build.0 = Release|Any CPU
		{2BAFA31F-666B-4BFC-8861-8ECC77B35AAF}.Ad-Hoc|iPhoneSimulator.Deploy.0 = Release|Any CPU
		{2BAFA31F-666B-4BFC-8861-8ECC77B35AAF}.Ad-Hoc|x64.ActiveCfg = Release|Any CPU
		{2BAFA31F-666B-4BFC-8861-8ECC77B35AAF}.Ad-Hoc|x64.Build.0 = Release|Any CPU
		{2BAFA31F-666B-4BFC-8861-8ECC77B35AAF}.Ad-Hoc|x64.Deploy.0 = Release|Any CPU
		{2BAFA31F-666B-4BFC-8861-8ECC77B35AAF}.Ad-Hoc|x86.ActiveCfg = Release|Any CPU
		{2BAFA31F-666B-4BFC-8861-8ECC77B35AAF}.Ad-Hoc|x86.Build.0 = Release|Any CPU
		{2BAFA31F-666B-4BFC-8861-8ECC77B35AAF}.Ad-Hoc|x86.Deploy.0 = Release|Any CPU
		{2BAFA31F-666B-4BFC-8861-8ECC77B35AAF}.AppStore|Any CPU.ActiveCfg = Release|Any CPU
		{2BAFA31F-666B-4BFC-8861-8ECC77B35AAF}.AppStore|Any CPU.Build.0 = Release|Any CPU
		{2BAFA31F-666B-4BFC-8861-8ECC77B35AAF}.AppStore|Any CPU.Deploy.0 = Release|Any CPU
		{2BAFA31F-666B-4BFC-8861-8ECC77B35AAF}.AppStore|ARM.ActiveCfg = Release|Any CPU
		{2BAFA31F-666B-4BFC-8861-8ECC77B35AAF}.AppStore|ARM.Build.0 = Release|Any CPU
		{2BAFA31F-666B-4BFC-8861-8ECC77B35AAF}.AppStore|ARM.Deploy.0 = Release|Any CPU
		{2BAFA31F-666B-4BFC-8861-8ECC77B35AAF}.AppStore|iPhone.ActiveCfg = Release|Any CPU
		{2BAFA31F-666B-4BFC-8861-8ECC77B35AAF}.AppStore|iPhone.Build.0 = Release|Any CPU
		{2BAFA31F-666B-4BFC-8861-8ECC77B35AAF}.AppStore|iPhone.Deploy.0 = Release|Any CPU
		{2BAFA31F-666B-4BFC-8861-8ECC77B35AAF}.AppStore|iPhoneSimulator.ActiveCfg = Release|Any CPU
		{2BAFA31F-666B-4BFC-8861-8ECC77B35AAF}.AppStore|iPhoneSimulator.Build.0 = Release|Any CPU
		{2BAFA31F-666B-4BFC-8861-8ECC77B35AAF}.AppStore|iPhoneSimulator.Deploy.0 = Release|Any CPU
		{2BAFA31F-666B-4BFC-8861-8ECC77B35AAF}.AppStore|x64.ActiveCfg = Release|Any CPU
		{2BAFA31F-666B-4BFC-8861-8ECC77B35AAF}.AppStore|x64.Build.0 = Release|Any CPU
		{2BAFA31F-666B-4BFC-8861-8ECC77B35AAF}.AppStore|x64.Deploy.0 = Release|Any CPU
		{2BAFA31F-666B-4BFC-8861-8ECC77B35AAF}.AppStore|x86.ActiveCfg = Release|Any CPU
		{2BAFA31F-666B-4BFC-8861-8ECC77B35AAF}.AppStore|x86.Build.0 = Release|Any CPU
		{2BAFA31F-666B-4BFC-8861-8ECC77B35AAF}.AppStore|x86.Deploy.0 = Release|Any CPU
		{2BAFA31F-666B-4BFC-8861-8ECC77B35AAF}.Debug|Any CPU.ActiveCfg = Debug|Any CPU
		{2BAFA31F-666B-4BFC-8861-8ECC77B35AAF}.Debug|Any CPU.Build.0 = Debug|Any CPU
		{2BAFA31F-666B-4BFC-8861-8ECC77B35AAF}.Debug|Any CPU.Deploy.0 = Debug|Any CPU
		{2BAFA31F-666B-4BFC-8861-8ECC77B35AAF}.Debug|ARM.ActiveCfg = Debug|Any CPU
		{2BAFA31F-666B-4BFC-8861-8ECC77B35AAF}.Debug|ARM.Build.0 = Debug|Any CPU
		{2BAFA31F-666B-4BFC-8861-8ECC77B35AAF}.Debug|ARM.Deploy.0 = Debug|Any CPU
		{2BAFA31F-666B-4BFC-8861-8ECC77B35AAF}.Debug|iPhone.ActiveCfg = Debug|Any CPU
		{2BAFA31F-666B-4BFC-8861-8ECC77B35AAF}.Debug|iPhone.Build.0 = Debug|Any CPU
		{2BAFA31F-666B-4BFC-8861-8ECC77B35AAF}.Debug|iPhone.Deploy.0 = Debug|Any CPU
		{2BAFA31F-666B-4BFC-8861-8ECC77B35AAF}.Debug|iPhoneSimulator.ActiveCfg = Debug|Any CPU
		{2BAFA31F-666B-4BFC-8861-8ECC77B35AAF}.Debug|iPhoneSimulator.Build.0 = Debug|Any CPU
		{2BAFA31F-666B-4BFC-8861-8ECC77B35AAF}.Debug|iPhoneSimulator.Deploy.0 = Debug|Any CPU
		{2BAFA31F-666B-4BFC-8861-8ECC77B35AAF}.Debug|x64.ActiveCfg = Debug|Any CPU
		{2BAFA31F-666B-4BFC-8861-8ECC77B35AAF}.Debug|x64.Build.0 = Debug|Any CPU
		{2BAFA31F-666B-4BFC-8861-8ECC77B35AAF}.Debug|x64.Deploy.0 = Debug|Any CPU
		{2BAFA31F-666B-4BFC-8861-8ECC77B35AAF}.Debug|x86.ActiveCfg = Debug|Any CPU
		{2BAFA31F-666B-4BFC-8861-8ECC77B35AAF}.Debug|x86.Build.0 = Debug|Any CPU
		{2BAFA31F-666B-4BFC-8861-8ECC77B35AAF}.Debug|x86.Deploy.0 = Debug|Any CPU
		{2BAFA31F-666B-4BFC-8861-8ECC77B35AAF}.Release|Any CPU.ActiveCfg = Release|Any CPU
		{2BAFA31F-666B-4BFC-8861-8ECC77B35AAF}.Release|Any CPU.Build.0 = Release|Any CPU
		{2BAFA31F-666B-4BFC-8861-8ECC77B35AAF}.Release|Any CPU.Deploy.0 = Release|Any CPU
		{2BAFA31F-666B-4BFC-8861-8ECC77B35AAF}.Release|ARM.ActiveCfg = Release|Any CPU
		{2BAFA31F-666B-4BFC-8861-8ECC77B35AAF}.Release|ARM.Build.0 = Release|Any CPU
		{2BAFA31F-666B-4BFC-8861-8ECC77B35AAF}.Release|ARM.Deploy.0 = Release|Any CPU
		{2BAFA31F-666B-4BFC-8861-8ECC77B35AAF}.Release|iPhone.ActiveCfg = Release|Any CPU
		{2BAFA31F-666B-4BFC-8861-8ECC77B35AAF}.Release|iPhone.Build.0 = Release|Any CPU
		{2BAFA31F-666B-4BFC-8861-8ECC77B35AAF}.Release|iPhone.Deploy.0 = Release|Any CPU
		{2BAFA31F-666B-4BFC-8861-8ECC77B35AAF}.Release|iPhoneSimulator.ActiveCfg = Release|Any CPU
		{2BAFA31F-666B-4BFC-8861-8ECC77B35AAF}.Release|iPhoneSimulator.Build.0 = Release|Any CPU
		{2BAFA31F-666B-4BFC-8861-8ECC77B35AAF}.Release|iPhoneSimulator.Deploy.0 = Release|Any CPU
		{2BAFA31F-666B-4BFC-8861-8ECC77B35AAF}.Release|x64.ActiveCfg = Release|Any CPU
		{2BAFA31F-666B-4BFC-8861-8ECC77B35AAF}.Release|x64.Build.0 = Release|Any CPU
		{2BAFA31F-666B-4BFC-8861-8ECC77B35AAF}.Release|x64.Deploy.0 = Release|Any CPU
		{2BAFA31F-666B-4BFC-8861-8ECC77B35AAF}.Release|x86.ActiveCfg = Release|Any CPU
		{2BAFA31F-666B-4BFC-8861-8ECC77B35AAF}.Release|x86.Build.0 = Release|Any CPU
		{2BAFA31F-666B-4BFC-8861-8ECC77B35AAF}.Release|x86.Deploy.0 = Release|Any CPU
		{086DCFAE-CE74-410D-8B96-383C4D7B61D1}.Ad-Hoc|Any CPU.ActiveCfg = Release|Any CPU
		{086DCFAE-CE74-410D-8B96-383C4D7B61D1}.Ad-Hoc|Any CPU.Build.0 = Release|Any CPU
		{086DCFAE-CE74-410D-8B96-383C4D7B61D1}.Ad-Hoc|ARM.ActiveCfg = Release|Any CPU
		{086DCFAE-CE74-410D-8B96-383C4D7B61D1}.Ad-Hoc|ARM.Build.0 = Release|Any CPU
		{086DCFAE-CE74-410D-8B96-383C4D7B61D1}.Ad-Hoc|iPhone.ActiveCfg = Release|Any CPU
		{086DCFAE-CE74-410D-8B96-383C4D7B61D1}.Ad-Hoc|iPhone.Build.0 = Release|Any CPU
		{086DCFAE-CE74-410D-8B96-383C4D7B61D1}.Ad-Hoc|iPhoneSimulator.ActiveCfg = Release|Any CPU
		{086DCFAE-CE74-410D-8B96-383C4D7B61D1}.Ad-Hoc|iPhoneSimulator.Build.0 = Release|Any CPU
		{086DCFAE-CE74-410D-8B96-383C4D7B61D1}.Ad-Hoc|x64.ActiveCfg = Release|Any CPU
		{086DCFAE-CE74-410D-8B96-383C4D7B61D1}.Ad-Hoc|x64.Build.0 = Release|Any CPU
		{086DCFAE-CE74-410D-8B96-383C4D7B61D1}.Ad-Hoc|x86.ActiveCfg = Release|Any CPU
		{086DCFAE-CE74-410D-8B96-383C4D7B61D1}.Ad-Hoc|x86.Build.0 = Release|Any CPU
		{086DCFAE-CE74-410D-8B96-383C4D7B61D1}.AppStore|Any CPU.ActiveCfg = Release|Any CPU
		{086DCFAE-CE74-410D-8B96-383C4D7B61D1}.AppStore|Any CPU.Build.0 = Release|Any CPU
		{086DCFAE-CE74-410D-8B96-383C4D7B61D1}.AppStore|ARM.ActiveCfg = Release|Any CPU
		{086DCFAE-CE74-410D-8B96-383C4D7B61D1}.AppStore|ARM.Build.0 = Release|Any CPU
		{086DCFAE-CE74-410D-8B96-383C4D7B61D1}.AppStore|iPhone.ActiveCfg = Release|Any CPU
		{086DCFAE-CE74-410D-8B96-383C4D7B61D1}.AppStore|iPhone.Build.0 = Release|Any CPU
		{086DCFAE-CE74-410D-8B96-383C4D7B61D1}.AppStore|iPhoneSimulator.ActiveCfg = Release|Any CPU
		{086DCFAE-CE74-410D-8B96-383C4D7B61D1}.AppStore|iPhoneSimulator.Build.0 = Release|Any CPU
		{086DCFAE-CE74-410D-8B96-383C4D7B61D1}.AppStore|x64.ActiveCfg = Release|Any CPU
		{086DCFAE-CE74-410D-8B96-383C4D7B61D1}.AppStore|x64.Build.0 = Release|Any CPU
		{086DCFAE-CE74-410D-8B96-383C4D7B61D1}.AppStore|x86.ActiveCfg = Release|Any CPU
		{086DCFAE-CE74-410D-8B96-383C4D7B61D1}.AppStore|x86.Build.0 = Release|Any CPU
		{086DCFAE-CE74-410D-8B96-383C4D7B61D1}.Debug|Any CPU.ActiveCfg = Debug|Any CPU
		{086DCFAE-CE74-410D-8B96-383C4D7B61D1}.Debug|Any CPU.Build.0 = Debug|Any CPU
		{086DCFAE-CE74-410D-8B96-383C4D7B61D1}.Debug|ARM.ActiveCfg = Debug|Any CPU
		{086DCFAE-CE74-410D-8B96-383C4D7B61D1}.Debug|ARM.Build.0 = Debug|Any CPU
		{086DCFAE-CE74-410D-8B96-383C4D7B61D1}.Debug|iPhone.ActiveCfg = Debug|Any CPU
		{086DCFAE-CE74-410D-8B96-383C4D7B61D1}.Debug|iPhone.Build.0 = Debug|Any CPU
		{086DCFAE-CE74-410D-8B96-383C4D7B61D1}.Debug|iPhoneSimulator.ActiveCfg = Debug|Any CPU
		{086DCFAE-CE74-410D-8B96-383C4D7B61D1}.Debug|iPhoneSimulator.Build.0 = Debug|Any CPU
		{086DCFAE-CE74-410D-8B96-383C4D7B61D1}.Debug|x64.ActiveCfg = Debug|Any CPU
		{086DCFAE-CE74-410D-8B96-383C4D7B61D1}.Debug|x64.Build.0 = Debug|Any CPU
		{086DCFAE-CE74-410D-8B96-383C4D7B61D1}.Debug|x86.ActiveCfg = Debug|Any CPU
		{086DCFAE-CE74-410D-8B96-383C4D7B61D1}.Debug|x86.Build.0 = Debug|Any CPU
		{086DCFAE-CE74-410D-8B96-383C4D7B61D1}.Release|Any CPU.ActiveCfg = Release|Any CPU
		{086DCFAE-CE74-410D-8B96-383C4D7B61D1}.Release|Any CPU.Build.0 = Release|Any CPU
		{086DCFAE-CE74-410D-8B96-383C4D7B61D1}.Release|ARM.ActiveCfg = Release|Any CPU
		{086DCFAE-CE74-410D-8B96-383C4D7B61D1}.Release|ARM.Build.0 = Release|Any CPU
		{086DCFAE-CE74-410D-8B96-383C4D7B61D1}.Release|iPhone.ActiveCfg = Release|Any CPU
		{086DCFAE-CE74-410D-8B96-383C4D7B61D1}.Release|iPhone.Build.0 = Release|Any CPU
		{086DCFAE-CE74-410D-8B96-383C4D7B61D1}.Release|iPhoneSimulator.ActiveCfg = Release|Any CPU
		{086DCFAE-CE74-410D-8B96-383C4D7B61D1}.Release|iPhoneSimulator.Build.0 = Release|Any CPU
		{086DCFAE-CE74-410D-8B96-383C4D7B61D1}.Release|x64.ActiveCfg = Release|Any CPU
		{086DCFAE-CE74-410D-8B96-383C4D7B61D1}.Release|x64.Build.0 = Release|Any CPU
		{086DCFAE-CE74-410D-8B96-383C4D7B61D1}.Release|x86.ActiveCfg = Release|Any CPU
		{086DCFAE-CE74-410D-8B96-383C4D7B61D1}.Release|x86.Build.0 = Release|Any CPU
		{EDD916E1-50FD-48A6-B6D0-C7AC72D93D0A}.Ad-Hoc|Any CPU.ActiveCfg = Release|x86
		{EDD916E1-50FD-48A6-B6D0-C7AC72D93D0A}.Ad-Hoc|Any CPU.Build.0 = Release|x86
		{EDD916E1-50FD-48A6-B6D0-C7AC72D93D0A}.Ad-Hoc|Any CPU.Deploy.0 = Release|x86
		{EDD916E1-50FD-48A6-B6D0-C7AC72D93D0A}.Ad-Hoc|ARM.ActiveCfg = Release|ARM
		{EDD916E1-50FD-48A6-B6D0-C7AC72D93D0A}.Ad-Hoc|ARM.Build.0 = Release|ARM
		{EDD916E1-50FD-48A6-B6D0-C7AC72D93D0A}.Ad-Hoc|ARM.Deploy.0 = Release|ARM
		{EDD916E1-50FD-48A6-B6D0-C7AC72D93D0A}.Ad-Hoc|iPhone.ActiveCfg = Release|x86
		{EDD916E1-50FD-48A6-B6D0-C7AC72D93D0A}.Ad-Hoc|iPhone.Build.0 = Release|x86
		{EDD916E1-50FD-48A6-B6D0-C7AC72D93D0A}.Ad-Hoc|iPhone.Deploy.0 = Release|x86
		{EDD916E1-50FD-48A6-B6D0-C7AC72D93D0A}.Ad-Hoc|iPhoneSimulator.ActiveCfg = Release|x86
		{EDD916E1-50FD-48A6-B6D0-C7AC72D93D0A}.Ad-Hoc|iPhoneSimulator.Build.0 = Release|x86
		{EDD916E1-50FD-48A6-B6D0-C7AC72D93D0A}.Ad-Hoc|iPhoneSimulator.Deploy.0 = Release|x86
		{EDD916E1-50FD-48A6-B6D0-C7AC72D93D0A}.Ad-Hoc|x64.ActiveCfg = Release|x64
		{EDD916E1-50FD-48A6-B6D0-C7AC72D93D0A}.Ad-Hoc|x64.Build.0 = Release|x64
		{EDD916E1-50FD-48A6-B6D0-C7AC72D93D0A}.Ad-Hoc|x64.Deploy.0 = Release|x64
		{EDD916E1-50FD-48A6-B6D0-C7AC72D93D0A}.Ad-Hoc|x86.ActiveCfg = Release|x86
		{EDD916E1-50FD-48A6-B6D0-C7AC72D93D0A}.Ad-Hoc|x86.Build.0 = Release|x86
		{EDD916E1-50FD-48A6-B6D0-C7AC72D93D0A}.Ad-Hoc|x86.Deploy.0 = Release|x86
		{EDD916E1-50FD-48A6-B6D0-C7AC72D93D0A}.AppStore|Any CPU.ActiveCfg = Release|x86
		{EDD916E1-50FD-48A6-B6D0-C7AC72D93D0A}.AppStore|Any CPU.Build.0 = Release|x86
		{EDD916E1-50FD-48A6-B6D0-C7AC72D93D0A}.AppStore|Any CPU.Deploy.0 = Release|x86
		{EDD916E1-50FD-48A6-B6D0-C7AC72D93D0A}.AppStore|ARM.ActiveCfg = Release|ARM
		{EDD916E1-50FD-48A6-B6D0-C7AC72D93D0A}.AppStore|ARM.Build.0 = Release|ARM
		{EDD916E1-50FD-48A6-B6D0-C7AC72D93D0A}.AppStore|ARM.Deploy.0 = Release|ARM
		{EDD916E1-50FD-48A6-B6D0-C7AC72D93D0A}.AppStore|iPhone.ActiveCfg = Release|x86
		{EDD916E1-50FD-48A6-B6D0-C7AC72D93D0A}.AppStore|iPhone.Build.0 = Release|x86
		{EDD916E1-50FD-48A6-B6D0-C7AC72D93D0A}.AppStore|iPhone.Deploy.0 = Release|x86
		{EDD916E1-50FD-48A6-B6D0-C7AC72D93D0A}.AppStore|iPhoneSimulator.ActiveCfg = Release|x86
		{EDD916E1-50FD-48A6-B6D0-C7AC72D93D0A}.AppStore|iPhoneSimulator.Build.0 = Release|x86
		{EDD916E1-50FD-48A6-B6D0-C7AC72D93D0A}.AppStore|iPhoneSimulator.Deploy.0 = Release|x86
		{EDD916E1-50FD-48A6-B6D0-C7AC72D93D0A}.AppStore|x64.ActiveCfg = Release|x64
		{EDD916E1-50FD-48A6-B6D0-C7AC72D93D0A}.AppStore|x64.Build.0 = Release|x64
		{EDD916E1-50FD-48A6-B6D0-C7AC72D93D0A}.AppStore|x64.Deploy.0 = Release|x64
		{EDD916E1-50FD-48A6-B6D0-C7AC72D93D0A}.AppStore|x86.ActiveCfg = Release|x86
		{EDD916E1-50FD-48A6-B6D0-C7AC72D93D0A}.AppStore|x86.Build.0 = Release|x86
		{EDD916E1-50FD-48A6-B6D0-C7AC72D93D0A}.AppStore|x86.Deploy.0 = Release|x86
		{EDD916E1-50FD-48A6-B6D0-C7AC72D93D0A}.Debug|Any CPU.ActiveCfg = Debug|x86
		{EDD916E1-50FD-48A6-B6D0-C7AC72D93D0A}.Debug|ARM.ActiveCfg = Debug|ARM
		{EDD916E1-50FD-48A6-B6D0-C7AC72D93D0A}.Debug|ARM.Build.0 = Debug|ARM
		{EDD916E1-50FD-48A6-B6D0-C7AC72D93D0A}.Debug|ARM.Deploy.0 = Debug|ARM
		{EDD916E1-50FD-48A6-B6D0-C7AC72D93D0A}.Debug|iPhone.ActiveCfg = Debug|x86
		{EDD916E1-50FD-48A6-B6D0-C7AC72D93D0A}.Debug|iPhoneSimulator.ActiveCfg = Debug|x86
		{EDD916E1-50FD-48A6-B6D0-C7AC72D93D0A}.Debug|x64.ActiveCfg = Debug|x64
		{EDD916E1-50FD-48A6-B6D0-C7AC72D93D0A}.Debug|x64.Build.0 = Debug|x64
		{EDD916E1-50FD-48A6-B6D0-C7AC72D93D0A}.Debug|x64.Deploy.0 = Debug|x64
		{EDD916E1-50FD-48A6-B6D0-C7AC72D93D0A}.Debug|x86.ActiveCfg = Debug|x86
		{EDD916E1-50FD-48A6-B6D0-C7AC72D93D0A}.Debug|x86.Build.0 = Debug|x86
		{EDD916E1-50FD-48A6-B6D0-C7AC72D93D0A}.Debug|x86.Deploy.0 = Debug|x86
		{EDD916E1-50FD-48A6-B6D0-C7AC72D93D0A}.Release|Any CPU.ActiveCfg = Release|x86
		{EDD916E1-50FD-48A6-B6D0-C7AC72D93D0A}.Release|ARM.ActiveCfg = Release|ARM
		{EDD916E1-50FD-48A6-B6D0-C7AC72D93D0A}.Release|ARM.Build.0 = Release|ARM
		{EDD916E1-50FD-48A6-B6D0-C7AC72D93D0A}.Release|ARM.Deploy.0 = Release|ARM
		{EDD916E1-50FD-48A6-B6D0-C7AC72D93D0A}.Release|iPhone.ActiveCfg = Release|x86
		{EDD916E1-50FD-48A6-B6D0-C7AC72D93D0A}.Release|iPhoneSimulator.ActiveCfg = Release|x86
		{EDD916E1-50FD-48A6-B6D0-C7AC72D93D0A}.Release|x64.ActiveCfg = Release|x64
		{EDD916E1-50FD-48A6-B6D0-C7AC72D93D0A}.Release|x64.Build.0 = Release|x64
		{EDD916E1-50FD-48A6-B6D0-C7AC72D93D0A}.Release|x64.Deploy.0 = Release|x64
		{EDD916E1-50FD-48A6-B6D0-C7AC72D93D0A}.Release|x86.ActiveCfg = Release|x86
		{EDD916E1-50FD-48A6-B6D0-C7AC72D93D0A}.Release|x86.Build.0 = Release|x86
		{EDD916E1-50FD-48A6-B6D0-C7AC72D93D0A}.Release|x86.Deploy.0 = Release|x86
		{E7FC0DCD-591A-4BB0-B1A4-9CD1FCF713C6}.Ad-Hoc|Any CPU.ActiveCfg = Ad-Hoc|iPhone
		{E7FC0DCD-591A-4BB0-B1A4-9CD1FCF713C6}.Ad-Hoc|ARM.ActiveCfg = Ad-Hoc|iPhone
		{E7FC0DCD-591A-4BB0-B1A4-9CD1FCF713C6}.Ad-Hoc|iPhone.ActiveCfg = Ad-Hoc|iPhone
		{E7FC0DCD-591A-4BB0-B1A4-9CD1FCF713C6}.Ad-Hoc|iPhone.Build.0 = Ad-Hoc|iPhone
		{E7FC0DCD-591A-4BB0-B1A4-9CD1FCF713C6}.Ad-Hoc|iPhoneSimulator.ActiveCfg = Ad-Hoc|iPhoneSimulator
		{E7FC0DCD-591A-4BB0-B1A4-9CD1FCF713C6}.Ad-Hoc|iPhoneSimulator.Build.0 = Ad-Hoc|iPhoneSimulator
		{E7FC0DCD-591A-4BB0-B1A4-9CD1FCF713C6}.Ad-Hoc|x64.ActiveCfg = Ad-Hoc|iPhone
		{E7FC0DCD-591A-4BB0-B1A4-9CD1FCF713C6}.Ad-Hoc|x86.ActiveCfg = Ad-Hoc|iPhone
		{E7FC0DCD-591A-4BB0-B1A4-9CD1FCF713C6}.AppStore|Any CPU.ActiveCfg = AppStore|iPhone
		{E7FC0DCD-591A-4BB0-B1A4-9CD1FCF713C6}.AppStore|ARM.ActiveCfg = AppStore|iPhone
		{E7FC0DCD-591A-4BB0-B1A4-9CD1FCF713C6}.AppStore|iPhone.ActiveCfg = AppStore|iPhone
		{E7FC0DCD-591A-4BB0-B1A4-9CD1FCF713C6}.AppStore|iPhone.Build.0 = AppStore|iPhone
		{E7FC0DCD-591A-4BB0-B1A4-9CD1FCF713C6}.AppStore|iPhoneSimulator.ActiveCfg = AppStore|iPhoneSimulator
		{E7FC0DCD-591A-4BB0-B1A4-9CD1FCF713C6}.AppStore|iPhoneSimulator.Build.0 = AppStore|iPhoneSimulator
		{E7FC0DCD-591A-4BB0-B1A4-9CD1FCF713C6}.AppStore|x64.ActiveCfg = AppStore|iPhone
		{E7FC0DCD-591A-4BB0-B1A4-9CD1FCF713C6}.AppStore|x86.ActiveCfg = AppStore|iPhone
		{E7FC0DCD-591A-4BB0-B1A4-9CD1FCF713C6}.Debug|Any CPU.ActiveCfg = Debug|iPhone
		{E7FC0DCD-591A-4BB0-B1A4-9CD1FCF713C6}.Debug|ARM.ActiveCfg = Debug|iPhone
		{E7FC0DCD-591A-4BB0-B1A4-9CD1FCF713C6}.Debug|iPhone.ActiveCfg = Debug|iPhone
		{E7FC0DCD-591A-4BB0-B1A4-9CD1FCF713C6}.Debug|iPhone.Build.0 = Debug|iPhone
		{E7FC0DCD-591A-4BB0-B1A4-9CD1FCF713C6}.Debug|iPhoneSimulator.ActiveCfg = Debug|iPhoneSimulator
		{E7FC0DCD-591A-4BB0-B1A4-9CD1FCF713C6}.Debug|iPhoneSimulator.Build.0 = Debug|iPhoneSimulator
		{E7FC0DCD-591A-4BB0-B1A4-9CD1FCF713C6}.Debug|x64.ActiveCfg = Debug|iPhone
		{E7FC0DCD-591A-4BB0-B1A4-9CD1FCF713C6}.Debug|x86.ActiveCfg = Debug|iPhone
		{E7FC0DCD-591A-4BB0-B1A4-9CD1FCF713C6}.Release|Any CPU.ActiveCfg = Release|iPhone
		{E7FC0DCD-591A-4BB0-B1A4-9CD1FCF713C6}.Release|ARM.ActiveCfg = Release|iPhone
		{E7FC0DCD-591A-4BB0-B1A4-9CD1FCF713C6}.Release|iPhone.ActiveCfg = Release|iPhone
		{E7FC0DCD-591A-4BB0-B1A4-9CD1FCF713C6}.Release|iPhone.Build.0 = Release|iPhone
		{E7FC0DCD-591A-4BB0-B1A4-9CD1FCF713C6}.Release|iPhoneSimulator.ActiveCfg = Release|iPhoneSimulator
		{E7FC0DCD-591A-4BB0-B1A4-9CD1FCF713C6}.Release|iPhoneSimulator.Build.0 = Release|iPhoneSimulator
		{E7FC0DCD-591A-4BB0-B1A4-9CD1FCF713C6}.Release|x64.ActiveCfg = Release|iPhone
		{E7FC0DCD-591A-4BB0-B1A4-9CD1FCF713C6}.Release|x86.ActiveCfg = Release|iPhone
		{24DB044C-73DF-47B8-A71C-8162DC25A3DB}.Ad-Hoc|Any CPU.ActiveCfg = Release|Any CPU
		{24DB044C-73DF-47B8-A71C-8162DC25A3DB}.Ad-Hoc|Any CPU.Build.0 = Release|Any CPU
		{24DB044C-73DF-47B8-A71C-8162DC25A3DB}.Ad-Hoc|ARM.ActiveCfg = Release|Any CPU
		{24DB044C-73DF-47B8-A71C-8162DC25A3DB}.Ad-Hoc|ARM.Build.0 = Release|Any CPU
		{24DB044C-73DF-47B8-A71C-8162DC25A3DB}.Ad-Hoc|iPhone.ActiveCfg = Release|Any CPU
		{24DB044C-73DF-47B8-A71C-8162DC25A3DB}.Ad-Hoc|iPhone.Build.0 = Release|Any CPU
		{24DB044C-73DF-47B8-A71C-8162DC25A3DB}.Ad-Hoc|iPhoneSimulator.ActiveCfg = Release|Any CPU
		{24DB044C-73DF-47B8-A71C-8162DC25A3DB}.Ad-Hoc|iPhoneSimulator.Build.0 = Release|Any CPU
		{24DB044C-73DF-47B8-A71C-8162DC25A3DB}.Ad-Hoc|x64.ActiveCfg = Release|Any CPU
		{24DB044C-73DF-47B8-A71C-8162DC25A3DB}.Ad-Hoc|x64.Build.0 = Release|Any CPU
		{24DB044C-73DF-47B8-A71C-8162DC25A3DB}.Ad-Hoc|x86.ActiveCfg = Release|Any CPU
		{24DB044C-73DF-47B8-A71C-8162DC25A3DB}.Ad-Hoc|x86.Build.0 = Release|Any CPU
		{24DB044C-73DF-47B8-A71C-8162DC25A3DB}.AppStore|Any CPU.ActiveCfg = Release|Any CPU
		{24DB044C-73DF-47B8-A71C-8162DC25A3DB}.AppStore|Any CPU.Build.0 = Release|Any CPU
		{24DB044C-73DF-47B8-A71C-8162DC25A3DB}.AppStore|ARM.ActiveCfg = Release|Any CPU
		{24DB044C-73DF-47B8-A71C-8162DC25A3DB}.AppStore|ARM.Build.0 = Release|Any CPU
		{24DB044C-73DF-47B8-A71C-8162DC25A3DB}.AppStore|iPhone.ActiveCfg = Release|Any CPU
		{24DB044C-73DF-47B8-A71C-8162DC25A3DB}.AppStore|iPhone.Build.0 = Release|Any CPU
		{24DB044C-73DF-47B8-A71C-8162DC25A3DB}.AppStore|iPhoneSimulator.ActiveCfg = Release|Any CPU
		{24DB044C-73DF-47B8-A71C-8162DC25A3DB}.AppStore|iPhoneSimulator.Build.0 = Release|Any CPU
		{24DB044C-73DF-47B8-A71C-8162DC25A3DB}.AppStore|x64.ActiveCfg = Release|Any CPU
		{24DB044C-73DF-47B8-A71C-8162DC25A3DB}.AppStore|x64.Build.0 = Release|Any CPU
		{24DB044C-73DF-47B8-A71C-8162DC25A3DB}.AppStore|x86.ActiveCfg = Release|Any CPU
		{24DB044C-73DF-47B8-A71C-8162DC25A3DB}.AppStore|x86.Build.0 = Release|Any CPU
		{24DB044C-73DF-47B8-A71C-8162DC25A3DB}.Debug|Any CPU.ActiveCfg = Debug|Any CPU
		{24DB044C-73DF-47B8-A71C-8162DC25A3DB}.Debug|Any CPU.Build.0 = Debug|Any CPU
		{24DB044C-73DF-47B8-A71C-8162DC25A3DB}.Debug|ARM.ActiveCfg = Debug|Any CPU
		{24DB044C-73DF-47B8-A71C-8162DC25A3DB}.Debug|ARM.Build.0 = Debug|Any CPU
		{24DB044C-73DF-47B8-A71C-8162DC25A3DB}.Debug|iPhone.ActiveCfg = Debug|Any CPU
		{24DB044C-73DF-47B8-A71C-8162DC25A3DB}.Debug|iPhone.Build.0 = Debug|Any CPU
		{24DB044C-73DF-47B8-A71C-8162DC25A3DB}.Debug|iPhoneSimulator.ActiveCfg = Debug|Any CPU
		{24DB044C-73DF-47B8-A71C-8162DC25A3DB}.Debug|iPhoneSimulator.Build.0 = Debug|Any CPU
		{24DB044C-73DF-47B8-A71C-8162DC25A3DB}.Debug|x64.ActiveCfg = Debug|Any CPU
		{24DB044C-73DF-47B8-A71C-8162DC25A3DB}.Debug|x64.Build.0 = Debug|Any CPU
		{24DB044C-73DF-47B8-A71C-8162DC25A3DB}.Debug|x86.ActiveCfg = Debug|Any CPU
		{24DB044C-73DF-47B8-A71C-8162DC25A3DB}.Debug|x86.Build.0 = Debug|Any CPU
		{24DB044C-73DF-47B8-A71C-8162DC25A3DB}.Release|Any CPU.ActiveCfg = Release|Any CPU
		{24DB044C-73DF-47B8-A71C-8162DC25A3DB}.Release|Any CPU.Build.0 = Release|Any CPU
		{24DB044C-73DF-47B8-A71C-8162DC25A3DB}.Release|ARM.ActiveCfg = Release|Any CPU
		{24DB044C-73DF-47B8-A71C-8162DC25A3DB}.Release|ARM.Build.0 = Release|Any CPU
		{24DB044C-73DF-47B8-A71C-8162DC25A3DB}.Release|iPhone.ActiveCfg = Release|Any CPU
		{24DB044C-73DF-47B8-A71C-8162DC25A3DB}.Release|iPhone.Build.0 = Release|Any CPU
		{24DB044C-73DF-47B8-A71C-8162DC25A3DB}.Release|iPhoneSimulator.ActiveCfg = Release|Any CPU
		{24DB044C-73DF-47B8-A71C-8162DC25A3DB}.Release|iPhoneSimulator.Build.0 = Release|Any CPU
		{24DB044C-73DF-47B8-A71C-8162DC25A3DB}.Release|x64.ActiveCfg = Release|Any CPU
		{24DB044C-73DF-47B8-A71C-8162DC25A3DB}.Release|x64.Build.0 = Release|Any CPU
		{24DB044C-73DF-47B8-A71C-8162DC25A3DB}.Release|x86.ActiveCfg = Release|Any CPU
		{24DB044C-73DF-47B8-A71C-8162DC25A3DB}.Release|x86.Build.0 = Release|Any CPU
		{8A6D9D91-2E2C-480A-B80D-3043D959638F}.Ad-Hoc|Any CPU.ActiveCfg = Release|Any CPU
		{8A6D9D91-2E2C-480A-B80D-3043D959638F}.Ad-Hoc|Any CPU.Build.0 = Release|Any CPU
		{8A6D9D91-2E2C-480A-B80D-3043D959638F}.Ad-Hoc|ARM.ActiveCfg = Release|Any CPU
		{8A6D9D91-2E2C-480A-B80D-3043D959638F}.Ad-Hoc|ARM.Build.0 = Release|Any CPU
		{8A6D9D91-2E2C-480A-B80D-3043D959638F}.Ad-Hoc|iPhone.ActiveCfg = Release|Any CPU
		{8A6D9D91-2E2C-480A-B80D-3043D959638F}.Ad-Hoc|iPhone.Build.0 = Release|Any CPU
		{8A6D9D91-2E2C-480A-B80D-3043D959638F}.Ad-Hoc|iPhoneSimulator.ActiveCfg = Release|Any CPU
		{8A6D9D91-2E2C-480A-B80D-3043D959638F}.Ad-Hoc|iPhoneSimulator.Build.0 = Release|Any CPU
		{8A6D9D91-2E2C-480A-B80D-3043D959638F}.Ad-Hoc|x64.ActiveCfg = Release|Any CPU
		{8A6D9D91-2E2C-480A-B80D-3043D959638F}.Ad-Hoc|x64.Build.0 = Release|Any CPU
		{8A6D9D91-2E2C-480A-B80D-3043D959638F}.Ad-Hoc|x86.ActiveCfg = Release|Any CPU
		{8A6D9D91-2E2C-480A-B80D-3043D959638F}.Ad-Hoc|x86.Build.0 = Release|Any CPU
		{8A6D9D91-2E2C-480A-B80D-3043D959638F}.AppStore|Any CPU.ActiveCfg = Release|Any CPU
		{8A6D9D91-2E2C-480A-B80D-3043D959638F}.AppStore|Any CPU.Build.0 = Release|Any CPU
		{8A6D9D91-2E2C-480A-B80D-3043D959638F}.AppStore|ARM.ActiveCfg = Release|Any CPU
		{8A6D9D91-2E2C-480A-B80D-3043D959638F}.AppStore|ARM.Build.0 = Release|Any CPU
		{8A6D9D91-2E2C-480A-B80D-3043D959638F}.AppStore|iPhone.ActiveCfg = Release|Any CPU
		{8A6D9D91-2E2C-480A-B80D-3043D959638F}.AppStore|iPhone.Build.0 = Release|Any CPU
		{8A6D9D91-2E2C-480A-B80D-3043D959638F}.AppStore|iPhoneSimulator.ActiveCfg = Release|Any CPU
		{8A6D9D91-2E2C-480A-B80D-3043D959638F}.AppStore|iPhoneSimulator.Build.0 = Release|Any CPU
		{8A6D9D91-2E2C-480A-B80D-3043D959638F}.AppStore|x64.ActiveCfg = Release|Any CPU
		{8A6D9D91-2E2C-480A-B80D-3043D959638F}.AppStore|x64.Build.0 = Release|Any CPU
		{8A6D9D91-2E2C-480A-B80D-3043D959638F}.AppStore|x86.ActiveCfg = Release|Any CPU
		{8A6D9D91-2E2C-480A-B80D-3043D959638F}.AppStore|x86.Build.0 = Release|Any CPU
		{8A6D9D91-2E2C-480A-B80D-3043D959638F}.Debug|Any CPU.ActiveCfg = Debug|Any CPU
		{8A6D9D91-2E2C-480A-B80D-3043D959638F}.Debug|Any CPU.Build.0 = Debug|Any CPU
		{8A6D9D91-2E2C-480A-B80D-3043D959638F}.Debug|ARM.ActiveCfg = Debug|Any CPU
		{8A6D9D91-2E2C-480A-B80D-3043D959638F}.Debug|ARM.Build.0 = Debug|Any CPU
		{8A6D9D91-2E2C-480A-B80D-3043D959638F}.Debug|iPhone.ActiveCfg = Debug|Any CPU
		{8A6D9D91-2E2C-480A-B80D-3043D959638F}.Debug|iPhone.Build.0 = Debug|Any CPU
		{8A6D9D91-2E2C-480A-B80D-3043D959638F}.Debug|iPhoneSimulator.ActiveCfg = Debug|Any CPU
		{8A6D9D91-2E2C-480A-B80D-3043D959638F}.Debug|iPhoneSimulator.Build.0 = Debug|Any CPU
		{8A6D9D91-2E2C-480A-B80D-3043D959638F}.Debug|x64.ActiveCfg = Debug|Any CPU
		{8A6D9D91-2E2C-480A-B80D-3043D959638F}.Debug|x64.Build.0 = Debug|Any CPU
		{8A6D9D91-2E2C-480A-B80D-3043D959638F}.Debug|x86.ActiveCfg = Debug|Any CPU
		{8A6D9D91-2E2C-480A-B80D-3043D959638F}.Debug|x86.Build.0 = Debug|Any CPU
		{8A6D9D91-2E2C-480A-B80D-3043D959638F}.Release|Any CPU.ActiveCfg = Release|Any CPU
		{8A6D9D91-2E2C-480A-B80D-3043D959638F}.Release|Any CPU.Build.0 = Release|Any CPU
		{8A6D9D91-2E2C-480A-B80D-3043D959638F}.Release|ARM.ActiveCfg = Release|Any CPU
		{8A6D9D91-2E2C-480A-B80D-3043D959638F}.Release|ARM.Build.0 = Release|Any CPU
		{8A6D9D91-2E2C-480A-B80D-3043D959638F}.Release|iPhone.ActiveCfg = Release|Any CPU
		{8A6D9D91-2E2C-480A-B80D-3043D959638F}.Release|iPhone.Build.0 = Release|Any CPU
		{8A6D9D91-2E2C-480A-B80D-3043D959638F}.Release|iPhoneSimulator.ActiveCfg = Release|Any CPU
		{8A6D9D91-2E2C-480A-B80D-3043D959638F}.Release|iPhoneSimulator.Build.0 = Release|Any CPU
		{8A6D9D91-2E2C-480A-B80D-3043D959638F}.Release|x64.ActiveCfg = Release|Any CPU
		{8A6D9D91-2E2C-480A-B80D-3043D959638F}.Release|x64.Build.0 = Release|Any CPU
		{8A6D9D91-2E2C-480A-B80D-3043D959638F}.Release|x86.ActiveCfg = Release|Any CPU
		{8A6D9D91-2E2C-480A-B80D-3043D959638F}.Release|x86.Build.0 = Release|Any CPU
		{AF141FB0-D07F-4005-B25D-1326963EFC78}.Ad-Hoc|Any CPU.ActiveCfg = Release|Any CPU
		{AF141FB0-D07F-4005-B25D-1326963EFC78}.Ad-Hoc|Any CPU.Build.0 = Release|Any CPU
		{AF141FB0-D07F-4005-B25D-1326963EFC78}.Ad-Hoc|ARM.ActiveCfg = Release|Any CPU
		{AF141FB0-D07F-4005-B25D-1326963EFC78}.Ad-Hoc|ARM.Build.0 = Release|Any CPU
		{AF141FB0-D07F-4005-B25D-1326963EFC78}.Ad-Hoc|iPhone.ActiveCfg = Release|Any CPU
		{AF141FB0-D07F-4005-B25D-1326963EFC78}.Ad-Hoc|iPhone.Build.0 = Release|Any CPU
		{AF141FB0-D07F-4005-B25D-1326963EFC78}.Ad-Hoc|iPhoneSimulator.ActiveCfg = Release|Any CPU
		{AF141FB0-D07F-4005-B25D-1326963EFC78}.Ad-Hoc|iPhoneSimulator.Build.0 = Release|Any CPU
		{AF141FB0-D07F-4005-B25D-1326963EFC78}.Ad-Hoc|x64.ActiveCfg = Release|Any CPU
		{AF141FB0-D07F-4005-B25D-1326963EFC78}.Ad-Hoc|x64.Build.0 = Release|Any CPU
		{AF141FB0-D07F-4005-B25D-1326963EFC78}.Ad-Hoc|x86.ActiveCfg = Release|Any CPU
		{AF141FB0-D07F-4005-B25D-1326963EFC78}.Ad-Hoc|x86.Build.0 = Release|Any CPU
		{AF141FB0-D07F-4005-B25D-1326963EFC78}.AppStore|Any CPU.ActiveCfg = Release|Any CPU
		{AF141FB0-D07F-4005-B25D-1326963EFC78}.AppStore|Any CPU.Build.0 = Release|Any CPU
		{AF141FB0-D07F-4005-B25D-1326963EFC78}.AppStore|ARM.ActiveCfg = Release|Any CPU
		{AF141FB0-D07F-4005-B25D-1326963EFC78}.AppStore|ARM.Build.0 = Release|Any CPU
		{AF141FB0-D07F-4005-B25D-1326963EFC78}.AppStore|iPhone.ActiveCfg = Release|Any CPU
		{AF141FB0-D07F-4005-B25D-1326963EFC78}.AppStore|iPhone.Build.0 = Release|Any CPU
		{AF141FB0-D07F-4005-B25D-1326963EFC78}.AppStore|iPhoneSimulator.ActiveCfg = Release|Any CPU
		{AF141FB0-D07F-4005-B25D-1326963EFC78}.AppStore|iPhoneSimulator.Build.0 = Release|Any CPU
		{AF141FB0-D07F-4005-B25D-1326963EFC78}.AppStore|x64.ActiveCfg = Release|Any CPU
		{AF141FB0-D07F-4005-B25D-1326963EFC78}.AppStore|x64.Build.0 = Release|Any CPU
		{AF141FB0-D07F-4005-B25D-1326963EFC78}.AppStore|x86.ActiveCfg = Release|Any CPU
		{AF141FB0-D07F-4005-B25D-1326963EFC78}.AppStore|x86.Build.0 = Release|Any CPU
		{AF141FB0-D07F-4005-B25D-1326963EFC78}.Debug|Any CPU.ActiveCfg = Debug|Any CPU
		{AF141FB0-D07F-4005-B25D-1326963EFC78}.Debug|Any CPU.Build.0 = Debug|Any CPU
		{AF141FB0-D07F-4005-B25D-1326963EFC78}.Debug|ARM.ActiveCfg = Debug|Any CPU
		{AF141FB0-D07F-4005-B25D-1326963EFC78}.Debug|ARM.Build.0 = Debug|Any CPU
		{AF141FB0-D07F-4005-B25D-1326963EFC78}.Debug|iPhone.ActiveCfg = Debug|Any CPU
		{AF141FB0-D07F-4005-B25D-1326963EFC78}.Debug|iPhone.Build.0 = Debug|Any CPU
		{AF141FB0-D07F-4005-B25D-1326963EFC78}.Debug|iPhoneSimulator.ActiveCfg = Debug|Any CPU
		{AF141FB0-D07F-4005-B25D-1326963EFC78}.Debug|iPhoneSimulator.Build.0 = Debug|Any CPU
		{AF141FB0-D07F-4005-B25D-1326963EFC78}.Debug|x64.ActiveCfg = Debug|Any CPU
		{AF141FB0-D07F-4005-B25D-1326963EFC78}.Debug|x64.Build.0 = Debug|Any CPU
		{AF141FB0-D07F-4005-B25D-1326963EFC78}.Debug|x86.ActiveCfg = Debug|Any CPU
		{AF141FB0-D07F-4005-B25D-1326963EFC78}.Debug|x86.Build.0 = Debug|Any CPU
		{AF141FB0-D07F-4005-B25D-1326963EFC78}.Release|Any CPU.ActiveCfg = Release|Any CPU
		{AF141FB0-D07F-4005-B25D-1326963EFC78}.Release|Any CPU.Build.0 = Release|Any CPU
		{AF141FB0-D07F-4005-B25D-1326963EFC78}.Release|ARM.ActiveCfg = Release|Any CPU
		{AF141FB0-D07F-4005-B25D-1326963EFC78}.Release|ARM.Build.0 = Release|Any CPU
		{AF141FB0-D07F-4005-B25D-1326963EFC78}.Release|iPhone.ActiveCfg = Release|Any CPU
		{AF141FB0-D07F-4005-B25D-1326963EFC78}.Release|iPhone.Build.0 = Release|Any CPU
		{AF141FB0-D07F-4005-B25D-1326963EFC78}.Release|iPhoneSimulator.ActiveCfg = Release|Any CPU
		{AF141FB0-D07F-4005-B25D-1326963EFC78}.Release|iPhoneSimulator.Build.0 = Release|Any CPU
		{AF141FB0-D07F-4005-B25D-1326963EFC78}.Release|x64.ActiveCfg = Release|Any CPU
		{AF141FB0-D07F-4005-B25D-1326963EFC78}.Release|x64.Build.0 = Release|Any CPU
		{AF141FB0-D07F-4005-B25D-1326963EFC78}.Release|x86.ActiveCfg = Release|Any CPU
		{AF141FB0-D07F-4005-B25D-1326963EFC78}.Release|x86.Build.0 = Release|Any CPU
		{67F9D3A8-F71E-4428-913F-C37AE82CDB24}.Ad-Hoc|Any CPU.ActiveCfg = Release|Any CPU
		{67F9D3A8-F71E-4428-913F-C37AE82CDB24}.Ad-Hoc|Any CPU.Build.0 = Release|Any CPU
		{67F9D3A8-F71E-4428-913F-C37AE82CDB24}.Ad-Hoc|ARM.ActiveCfg = Release|Any CPU
		{67F9D3A8-F71E-4428-913F-C37AE82CDB24}.Ad-Hoc|ARM.Build.0 = Release|Any CPU
		{67F9D3A8-F71E-4428-913F-C37AE82CDB24}.Ad-Hoc|iPhone.ActiveCfg = Release|Any CPU
		{67F9D3A8-F71E-4428-913F-C37AE82CDB24}.Ad-Hoc|iPhone.Build.0 = Release|Any CPU
		{67F9D3A8-F71E-4428-913F-C37AE82CDB24}.Ad-Hoc|iPhoneSimulator.ActiveCfg = Release|Any CPU
		{67F9D3A8-F71E-4428-913F-C37AE82CDB24}.Ad-Hoc|iPhoneSimulator.Build.0 = Release|Any CPU
		{67F9D3A8-F71E-4428-913F-C37AE82CDB24}.Ad-Hoc|x64.ActiveCfg = Release|Any CPU
		{67F9D3A8-F71E-4428-913F-C37AE82CDB24}.Ad-Hoc|x64.Build.0 = Release|Any CPU
		{67F9D3A8-F71E-4428-913F-C37AE82CDB24}.Ad-Hoc|x86.ActiveCfg = Release|Any CPU
		{67F9D3A8-F71E-4428-913F-C37AE82CDB24}.Ad-Hoc|x86.Build.0 = Release|Any CPU
		{67F9D3A8-F71E-4428-913F-C37AE82CDB24}.AppStore|Any CPU.ActiveCfg = Release|Any CPU
		{67F9D3A8-F71E-4428-913F-C37AE82CDB24}.AppStore|Any CPU.Build.0 = Release|Any CPU
		{67F9D3A8-F71E-4428-913F-C37AE82CDB24}.AppStore|ARM.ActiveCfg = Release|Any CPU
		{67F9D3A8-F71E-4428-913F-C37AE82CDB24}.AppStore|ARM.Build.0 = Release|Any CPU
		{67F9D3A8-F71E-4428-913F-C37AE82CDB24}.AppStore|iPhone.ActiveCfg = Release|Any CPU
		{67F9D3A8-F71E-4428-913F-C37AE82CDB24}.AppStore|iPhone.Build.0 = Release|Any CPU
		{67F9D3A8-F71E-4428-913F-C37AE82CDB24}.AppStore|iPhoneSimulator.ActiveCfg = Release|Any CPU
		{67F9D3A8-F71E-4428-913F-C37AE82CDB24}.AppStore|iPhoneSimulator.Build.0 = Release|Any CPU
		{67F9D3A8-F71E-4428-913F-C37AE82CDB24}.AppStore|x64.ActiveCfg = Release|Any CPU
		{67F9D3A8-F71E-4428-913F-C37AE82CDB24}.AppStore|x64.Build.0 = Release|Any CPU
		{67F9D3A8-F71E-4428-913F-C37AE82CDB24}.AppStore|x86.ActiveCfg = Release|Any CPU
		{67F9D3A8-F71E-4428-913F-C37AE82CDB24}.AppStore|x86.Build.0 = Release|Any CPU
		{67F9D3A8-F71E-4428-913F-C37AE82CDB24}.Debug|Any CPU.ActiveCfg = Debug|Any CPU
		{67F9D3A8-F71E-4428-913F-C37AE82CDB24}.Debug|Any CPU.Build.0 = Debug|Any CPU
		{67F9D3A8-F71E-4428-913F-C37AE82CDB24}.Debug|ARM.ActiveCfg = Debug|Any CPU
		{67F9D3A8-F71E-4428-913F-C37AE82CDB24}.Debug|ARM.Build.0 = Debug|Any CPU
		{67F9D3A8-F71E-4428-913F-C37AE82CDB24}.Debug|iPhone.ActiveCfg = Debug|Any CPU
		{67F9D3A8-F71E-4428-913F-C37AE82CDB24}.Debug|iPhone.Build.0 = Debug|Any CPU
		{67F9D3A8-F71E-4428-913F-C37AE82CDB24}.Debug|iPhoneSimulator.ActiveCfg = Debug|Any CPU
		{67F9D3A8-F71E-4428-913F-C37AE82CDB24}.Debug|iPhoneSimulator.Build.0 = Debug|Any CPU
		{67F9D3A8-F71E-4428-913F-C37AE82CDB24}.Debug|x64.ActiveCfg = Debug|Any CPU
		{67F9D3A8-F71E-4428-913F-C37AE82CDB24}.Debug|x64.Build.0 = Debug|Any CPU
		{67F9D3A8-F71E-4428-913F-C37AE82CDB24}.Debug|x86.ActiveCfg = Debug|Any CPU
		{67F9D3A8-F71E-4428-913F-C37AE82CDB24}.Debug|x86.Build.0 = Debug|Any CPU
		{67F9D3A8-F71E-4428-913F-C37AE82CDB24}.Release|Any CPU.ActiveCfg = Release|Any CPU
		{67F9D3A8-F71E-4428-913F-C37AE82CDB24}.Release|Any CPU.Build.0 = Release|Any CPU
		{67F9D3A8-F71E-4428-913F-C37AE82CDB24}.Release|ARM.ActiveCfg = Release|Any CPU
		{67F9D3A8-F71E-4428-913F-C37AE82CDB24}.Release|ARM.Build.0 = Release|Any CPU
		{67F9D3A8-F71E-4428-913F-C37AE82CDB24}.Release|iPhone.ActiveCfg = Release|Any CPU
		{67F9D3A8-F71E-4428-913F-C37AE82CDB24}.Release|iPhone.Build.0 = Release|Any CPU
		{67F9D3A8-F71E-4428-913F-C37AE82CDB24}.Release|iPhoneSimulator.ActiveCfg = Release|Any CPU
		{67F9D3A8-F71E-4428-913F-C37AE82CDB24}.Release|iPhoneSimulator.Build.0 = Release|Any CPU
		{67F9D3A8-F71E-4428-913F-C37AE82CDB24}.Release|x64.ActiveCfg = Release|Any CPU
		{67F9D3A8-F71E-4428-913F-C37AE82CDB24}.Release|x64.Build.0 = Release|Any CPU
		{67F9D3A8-F71E-4428-913F-C37AE82CDB24}.Release|x86.ActiveCfg = Release|Any CPU
		{67F9D3A8-F71E-4428-913F-C37AE82CDB24}.Release|x86.Build.0 = Release|Any CPU
		{734FD5C1-98FB-49AB-839F-8D118A08DBAF}.Ad-Hoc|Any CPU.ActiveCfg = Release|Any CPU
		{734FD5C1-98FB-49AB-839F-8D118A08DBAF}.Ad-Hoc|Any CPU.Build.0 = Release|Any CPU
		{734FD5C1-98FB-49AB-839F-8D118A08DBAF}.Ad-Hoc|ARM.ActiveCfg = Release|Any CPU
		{734FD5C1-98FB-49AB-839F-8D118A08DBAF}.Ad-Hoc|ARM.Build.0 = Release|Any CPU
		{734FD5C1-98FB-49AB-839F-8D118A08DBAF}.Ad-Hoc|iPhone.ActiveCfg = Release|Any CPU
		{734FD5C1-98FB-49AB-839F-8D118A08DBAF}.Ad-Hoc|iPhone.Build.0 = Release|Any CPU
		{734FD5C1-98FB-49AB-839F-8D118A08DBAF}.Ad-Hoc|iPhoneSimulator.ActiveCfg = Release|Any CPU
		{734FD5C1-98FB-49AB-839F-8D118A08DBAF}.Ad-Hoc|iPhoneSimulator.Build.0 = Release|Any CPU
		{734FD5C1-98FB-49AB-839F-8D118A08DBAF}.Ad-Hoc|x64.ActiveCfg = Release|Any CPU
		{734FD5C1-98FB-49AB-839F-8D118A08DBAF}.Ad-Hoc|x64.Build.0 = Release|Any CPU
		{734FD5C1-98FB-49AB-839F-8D118A08DBAF}.Ad-Hoc|x86.ActiveCfg = Release|Any CPU
		{734FD5C1-98FB-49AB-839F-8D118A08DBAF}.Ad-Hoc|x86.Build.0 = Release|Any CPU
		{734FD5C1-98FB-49AB-839F-8D118A08DBAF}.AppStore|Any CPU.ActiveCfg = Release|Any CPU
		{734FD5C1-98FB-49AB-839F-8D118A08DBAF}.AppStore|Any CPU.Build.0 = Release|Any CPU
		{734FD5C1-98FB-49AB-839F-8D118A08DBAF}.AppStore|ARM.ActiveCfg = Release|Any CPU
		{734FD5C1-98FB-49AB-839F-8D118A08DBAF}.AppStore|ARM.Build.0 = Release|Any CPU
		{734FD5C1-98FB-49AB-839F-8D118A08DBAF}.AppStore|iPhone.ActiveCfg = Release|Any CPU
		{734FD5C1-98FB-49AB-839F-8D118A08DBAF}.AppStore|iPhone.Build.0 = Release|Any CPU
		{734FD5C1-98FB-49AB-839F-8D118A08DBAF}.AppStore|iPhoneSimulator.ActiveCfg = Release|Any CPU
		{734FD5C1-98FB-49AB-839F-8D118A08DBAF}.AppStore|iPhoneSimulator.Build.0 = Release|Any CPU
		{734FD5C1-98FB-49AB-839F-8D118A08DBAF}.AppStore|x64.ActiveCfg = Release|Any CPU
		{734FD5C1-98FB-49AB-839F-8D118A08DBAF}.AppStore|x64.Build.0 = Release|Any CPU
		{734FD5C1-98FB-49AB-839F-8D118A08DBAF}.AppStore|x86.ActiveCfg = Release|Any CPU
		{734FD5C1-98FB-49AB-839F-8D118A08DBAF}.AppStore|x86.Build.0 = Release|Any CPU
		{734FD5C1-98FB-49AB-839F-8D118A08DBAF}.Debug|Any CPU.ActiveCfg = Debug|Any CPU
		{734FD5C1-98FB-49AB-839F-8D118A08DBAF}.Debug|Any CPU.Build.0 = Debug|Any CPU
		{734FD5C1-98FB-49AB-839F-8D118A08DBAF}.Debug|ARM.ActiveCfg = Debug|Any CPU
		{734FD5C1-98FB-49AB-839F-8D118A08DBAF}.Debug|ARM.Build.0 = Debug|Any CPU
		{734FD5C1-98FB-49AB-839F-8D118A08DBAF}.Debug|iPhone.ActiveCfg = Debug|Any CPU
		{734FD5C1-98FB-49AB-839F-8D118A08DBAF}.Debug|iPhone.Build.0 = Debug|Any CPU
		{734FD5C1-98FB-49AB-839F-8D118A08DBAF}.Debug|iPhoneSimulator.ActiveCfg = Debug|Any CPU
		{734FD5C1-98FB-49AB-839F-8D118A08DBAF}.Debug|iPhoneSimulator.Build.0 = Debug|Any CPU
		{734FD5C1-98FB-49AB-839F-8D118A08DBAF}.Debug|x64.ActiveCfg = Debug|Any CPU
		{734FD5C1-98FB-49AB-839F-8D118A08DBAF}.Debug|x64.Build.0 = Debug|Any CPU
		{734FD5C1-98FB-49AB-839F-8D118A08DBAF}.Debug|x86.ActiveCfg = Debug|Any CPU
		{734FD5C1-98FB-49AB-839F-8D118A08DBAF}.Debug|x86.Build.0 = Debug|Any CPU
		{734FD5C1-98FB-49AB-839F-8D118A08DBAF}.Release|Any CPU.ActiveCfg = Release|Any CPU
		{734FD5C1-98FB-49AB-839F-8D118A08DBAF}.Release|Any CPU.Build.0 = Release|Any CPU
		{734FD5C1-98FB-49AB-839F-8D118A08DBAF}.Release|ARM.ActiveCfg = Release|Any CPU
		{734FD5C1-98FB-49AB-839F-8D118A08DBAF}.Release|ARM.Build.0 = Release|Any CPU
		{734FD5C1-98FB-49AB-839F-8D118A08DBAF}.Release|iPhone.ActiveCfg = Release|Any CPU
		{734FD5C1-98FB-49AB-839F-8D118A08DBAF}.Release|iPhone.Build.0 = Release|Any CPU
		{734FD5C1-98FB-49AB-839F-8D118A08DBAF}.Release|iPhoneSimulator.ActiveCfg = Release|Any CPU
		{734FD5C1-98FB-49AB-839F-8D118A08DBAF}.Release|iPhoneSimulator.Build.0 = Release|Any CPU
		{734FD5C1-98FB-49AB-839F-8D118A08DBAF}.Release|x64.ActiveCfg = Release|Any CPU
		{734FD5C1-98FB-49AB-839F-8D118A08DBAF}.Release|x64.Build.0 = Release|Any CPU
		{734FD5C1-98FB-49AB-839F-8D118A08DBAF}.Release|x86.ActiveCfg = Release|Any CPU
		{734FD5C1-98FB-49AB-839F-8D118A08DBAF}.Release|x86.Build.0 = Release|Any CPU
	EndGlobalSection
	GlobalSection(SolutionProperties) = preSolution
		HideSolutionNode = FALSE
	EndGlobalSection
EndGlobal
